
Microsoft Visual Studio Solution File, Format Version 12.00
# Visual Studio 14
VisualStudioVersion = 14.0.25123.0
MinimumVisualStudioVersion = 10.0.40219.1
Project("{FAE04EC0-301F-11D3-BF4B-00C04F79EFBC}") = "PhoneLogic.Core", "PhoneLogic.Core\PhoneLogic.Core.csproj", "{920DA392-D09B-4C37-BB57-A75439221000}"
	ProjectSection(ProjectDependencies) = postProject
		{C4C77A22-6318-4E32-90CB-9E9854E03F5A} = {C4C77A22-6318-4E32-90CB-9E9854E03F5A}
	EndProjectSection
EndProject
Project("{FAE04EC0-301F-11D3-BF4B-00C04F79EFBC}") = "PhoneLogic.Inbound", "PhoneLogic.Inbound\PhoneLogic.Inbound.csproj", "{33E6D24F-13D6-431D-AF00-C109CB45C694}"
EndProject
Project("{FAE04EC0-301F-11D3-BF4B-00C04F79EFBC}") = "PhoneLogic.Model.Net", "PhoneLogic.Model.Net\PhoneLogic.Model.Net.csproj", "{C4C77A22-6318-4E32-90CB-9E9854E03F5A}"
EndProject
Project("{FAE04EC0-301F-11D3-BF4B-00C04F79EFBC}") = "PhoneLogic.Model.Silverlight", "PhoneLogic.Model.Silverlight\PhoneLogic.Model.Silverlight.csproj", "{E4C37822-FCFA-431B-B373-A78FBD5136B3}"
EndProject
Project("{FAE04EC0-301F-11D3-BF4B-00C04F79EFBC}") = "PhoneLogic.Outbound", "PhoneLogic.Outbound\PhoneLogic.Outbound.csproj", "{BD853521-086A-4B3A-9E98-504B3CF0B683}"
EndProject
Project("{FAE04EC0-301F-11D3-BF4B-00C04F79EFBC}") = "PhoneLogic.Repository", "PhoneLogic.Repository\PhoneLogic.Repository.csproj", "{85088AC6-4AFA-4E25-A99D-9C141A436BF1}"
EndProject
Project("{FAE04EC0-301F-11D3-BF4B-00C04F79EFBC}") = "PhoneLogic.Web", "PhoneLogic.Web\PhoneLogic.Web.csproj", "{10500FAC-5DE1-442F-9375-0488AE6CBE8C}"
	ProjectSection(ProjectDependencies) = postProject
		{BD853521-086A-4B3A-9E98-504B3CF0B683} = {BD853521-086A-4B3A-9E98-504B3CF0B683}
		{33E6D24F-13D6-431D-AF00-C109CB45C694} = {33E6D24F-13D6-431D-AF00-C109CB45C694}
	EndProjectSection
EndProject
Project("{FAE04EC0-301F-11D3-BF4B-00C04F79EFBC}") = "PhoneLogic.Test", "PhoneLogic.Test\PhoneLogic.Test.csproj", "{96DB26DF-E3C9-4F1C-9AF7-3E7BECBDE678}"
EndProject
Project("{FAE04EC0-301F-11D3-BF4B-00C04F79EFBC}") = "PhoneLogic.Mgr", "PhoneLogic.Mgr\PhoneLogic.Mgr.csproj", "{C38D0026-5828-499C-B984-F40514CA093D}"
EndProject
Project("{FAE04EC0-301F-11D3-BF4B-00C04F79EFBC}") = "PhoneLogic.UserAuth", "PhoneLogic.UserAuth\PhoneLogic.UserAuth.csproj", "{7496A516-D4AC-4EDC-8C2C-016E4F621478}"
EndProject
Project("{FAE04EC0-301F-11D3-BF4B-00C04F79EFBC}") = "ConsoleApplication1", "ConsoleApplication1\ConsoleApplication1.csproj", "{256C1F27-E460-4254-A065-B3D8D1B16F2D}"
EndProject
Project("{FAE04EC0-301F-11D3-BF4B-00C04F79EFBC}") = "AudioPlayer", "AudioPlayer\AudioPlayer.csproj", "{0D14777B-2EBF-41E2-97B6-5461405EA0A7}"
EndProject
Project("{FAE04EC0-301F-11D3-BF4B-00C04F79EFBC}") = "PhoneLogic.ViewContracts", "PhoneLogic.ViewContracts\PhoneLogic.ViewContracts.csproj", "{C6DEDDA7-F6C6-43ED-8807-748F71E21824}"
EndProject
Project("{FAE04EC0-301F-11D3-BF4B-00C04F79EFBC}") = "PhoneLogic.CallBusinessIntelligence", "PhoneLogic.CallBusinessIntelligence\PhoneLogic.CallBusinessIntelligence.csproj", "{2258D950-D824-46DC-AA70-EE6A8199E5FF}"
EndProject
Project("{FAE04EC0-301F-11D3-BF4B-00C04F79EFBC}") = "PhoneLogic.DialHistory", "PhoneLogic.DialHistory\PhoneLogic.DialHistory.csproj", "{44671B53-C04B-40AD-AB91-89C6AAB831C8}"
EndProject
Project("{FAE04EC0-301F-11D3-BF4B-00C04F79EFBC}") = "PhoneLogic.Jobs", "PhoneLogic.Jobs\PhoneLogic.Jobs.csproj", "{ED91449B-6970-4AEC-95E6-3F39B4105DC1}"
EndProject
Project("{FAE04EC0-301F-11D3-BF4B-00C04F79EFBC}") = "PhoneLogic.Recruiters", "PhoneLogic.Recruiters\PhoneLogic.Recruiters.csproj", "{E44A0723-AD9B-4BC3-AF71-FEB611C90AFF}"
EndProject
Project("{FAE04EC0-301F-11D3-BF4B-00C04F79EFBC}") = "PhoneLogic.Status", "PhoneLogic.Status\PhoneLogic.Status.csproj", "{33686882-B855-4D8F-80E1-C20C78B0B3B6}"
EndProject
Project("{FAE04EC0-301F-11D3-BF4B-00C04F79EFBC}") = "PhoneLogic.MyAlerts", "PhoneLogic.MyAlerts\PhoneLogic.MyAlerts.csproj", "{164B43B7-D658-4678-B8A8-31D28C8C2A6C}"
EndProject
Project("{FAE04EC0-301F-11D3-BF4B-00C04F79EFBC}") = "PhoneLogic.MyDialer", "PhoneLogic.MyDialer\PhoneLogic.MyDialer.csproj", "{307FA1CF-CCE2-4854-B08B-DE71DFB04C85}"
EndProject
Project("{FAE04EC0-301F-11D3-BF4B-00C04F79EFBC}") = "PhoneLogic.CallbackHistory", "PhoneLogic.CallbackHistory\PhoneLogic.CallbackHistory.csproj", "{2765851D-82CC-4D40-B497-97837DA2AD6F}"
EndProject
Project("{FAE04EC0-301F-11D3-BF4B-00C04F79EFBC}") = "PhoneLogic.OpenCallbacks", "PhoneLogic.OpenCallbacks\PhoneLogic.OpenCallbacks.csproj", "{C5B1474D-BA01-46B1-8900-D0E84A65AE82}"
EndProject
Project("{FAE04EC0-301F-11D3-BF4B-00C04F79EFBC}") = "MM.Toolkit", "MM.Toolkit\MM.Toolkit.csproj", "{49AA6ED4-61E7-4CDC-8F12-01C31A25CEC3}"
EndProject
Project("{2150E333-8FDC-42A3-9474-1A3956D46DE8}") = "ThirdPartyUI", "ThirdPartyUI", "{F17923C2-2448-4F3A-86FB-2D2D1112FCC4}"
EndProject
Project("{2150E333-8FDC-42A3-9474-1A3956D46DE8}") = "SilverlightApps", "SilverlightApps", "{FF9CF4D9-A566-4974-9B36-53E37296EA5C}"
EndProject
Project("{2150E333-8FDC-42A3-9474-1A3956D46DE8}") = "Server", "Server", "{C0E8D49F-5284-49CA-9FA6-C4CF76519637}"
EndProject
Project("{2150E333-8FDC-42A3-9474-1A3956D46DE8}") = "Tests", "Tests", "{F913FB31-1E42-4101-B527-2221ACF742B8}"
EndProject
Project("{2150E333-8FDC-42A3-9474-1A3956D46DE8}") = "Models", "Models", "{C5C3911E-5690-4F45-B975-80BCF859DF21}"
EndProject
Project("{2150E333-8FDC-42A3-9474-1A3956D46DE8}") = "SilverlightMgr", "SilverlightMgr", "{E5A83D05-ECC4-44C8-8870-64D2FC1B9759}"
EndProject
Project("{2150E333-8FDC-42A3-9474-1A3956D46DE8}") = "SilverlightCore", "SilverlightCore", "{E8E60976-C7B0-49EC-8313-81C9888BEB9F}"
EndProject
Global
	GlobalSection(SolutionConfigurationPlatforms) = preSolution
		app|Any CPU = app|Any CPU
		cc-app|Any CPU = cc-app|Any CPU
		cc-prod|Any CPU = cc-prod|Any CPU
		Debug|Any CPU = Debug|Any CPU
		DEBUGLOCAL|Any CPU = DEBUGLOCAL|Any CPU
		DEBUG-LOCAL|Any CPU = DEBUG-LOCAL|Any CPU
		DEBUGPROD|Any CPU = DEBUGPROD|Any CPU
		DEBUGTEST|Any CPU = DEBUGTEST|Any CPU
		prod|Any CPU = prod|Any CPU
		Release|Any CPU = Release|Any CPU
		RELEASE-PROD|Any CPU = RELEASE-PROD|Any CPU
		RELEASE-TEST|Any CPU = RELEASE-TEST|Any CPU
	EndGlobalSection
	GlobalSection(ProjectConfigurationPlatforms) = postSolution
		{920DA392-D09B-4C37-BB57-A75439221000}.app|Any CPU.ActiveCfg = app|Any CPU
		{920DA392-D09B-4C37-BB57-A75439221000}.app|Any CPU.Build.0 = app|Any CPU
		{920DA392-D09B-4C37-BB57-A75439221000}.cc-app|Any CPU.ActiveCfg = app|Any CPU
		{920DA392-D09B-4C37-BB57-A75439221000}.cc-app|Any CPU.Build.0 = app|Any CPU
		{920DA392-D09B-4C37-BB57-A75439221000}.cc-prod|Any CPU.ActiveCfg = prod|Any CPU
		{920DA392-D09B-4C37-BB57-A75439221000}.cc-prod|Any CPU.Build.0 = prod|Any CPU
		{920DA392-D09B-4C37-BB57-A75439221000}.Debug|Any CPU.ActiveCfg = Debug|Any CPU
		{920DA392-D09B-4C37-BB57-A75439221000}.Debug|Any CPU.Build.0 = Debug|Any CPU
		{920DA392-D09B-4C37-BB57-A75439221000}.DEBUGLOCAL|Any CPU.ActiveCfg = DEBUG-LOCAL|Any CPU
		{920DA392-D09B-4C37-BB57-A75439221000}.DEBUGLOCAL|Any CPU.Build.0 = DEBUG-LOCAL|Any CPU
		{920DA392-D09B-4C37-BB57-A75439221000}.DEBUG-LOCAL|Any CPU.ActiveCfg = DEBUG-LOCAL|Any CPU
		{920DA392-D09B-4C37-BB57-A75439221000}.DEBUG-LOCAL|Any CPU.Build.0 = DEBUG-LOCAL|Any CPU
		{920DA392-D09B-4C37-BB57-A75439221000}.DEBUGPROD|Any CPU.ActiveCfg = DEBUGPROD|Any CPU
		{920DA392-D09B-4C37-BB57-A75439221000}.DEBUGPROD|Any CPU.Build.0 = DEBUGPROD|Any CPU
		{920DA392-D09B-4C37-BB57-A75439221000}.DEBUGTEST|Any CPU.ActiveCfg = DEBUGTEST|Any CPU
		{920DA392-D09B-4C37-BB57-A75439221000}.DEBUGTEST|Any CPU.Build.0 = DEBUGTEST|Any CPU
		{920DA392-D09B-4C37-BB57-A75439221000}.prod|Any CPU.ActiveCfg = prod|Any CPU
		{920DA392-D09B-4C37-BB57-A75439221000}.prod|Any CPU.Build.0 = prod|Any CPU
		{920DA392-D09B-4C37-BB57-A75439221000}.Release|Any CPU.ActiveCfg = Release|Any CPU
		{920DA392-D09B-4C37-BB57-A75439221000}.Release|Any CPU.Build.0 = Release|Any CPU
		{920DA392-D09B-4C37-BB57-A75439221000}.RELEASE-PROD|Any CPU.ActiveCfg = RELEASE-PROD|Any CPU
		{920DA392-D09B-4C37-BB57-A75439221000}.RELEASE-PROD|Any CPU.Build.0 = RELEASE-PROD|Any CPU
		{920DA392-D09B-4C37-BB57-A75439221000}.RELEASE-TEST|Any CPU.ActiveCfg = RELEASE-TEST|Any CPU
		{920DA392-D09B-4C37-BB57-A75439221000}.RELEASE-TEST|Any CPU.Build.0 = RELEASE-TEST|Any CPU
		{33E6D24F-13D6-431D-AF00-C109CB45C694}.app|Any CPU.ActiveCfg = cc-app|Any CPU
		{33E6D24F-13D6-431D-AF00-C109CB45C694}.app|Any CPU.Build.0 = cc-app|Any CPU
		{33E6D24F-13D6-431D-AF00-C109CB45C694}.cc-app|Any CPU.ActiveCfg = cc-app|Any CPU
		{33E6D24F-13D6-431D-AF00-C109CB45C694}.cc-app|Any CPU.Build.0 = cc-app|Any CPU
		{33E6D24F-13D6-431D-AF00-C109CB45C694}.cc-prod|Any CPU.ActiveCfg = cc-prod|Any CPU
		{33E6D24F-13D6-431D-AF00-C109CB45C694}.cc-prod|Any CPU.Build.0 = cc-prod|Any CPU
		{33E6D24F-13D6-431D-AF00-C109CB45C694}.Debug|Any CPU.ActiveCfg = Debug|Any CPU
		{33E6D24F-13D6-431D-AF00-C109CB45C694}.Debug|Any CPU.Build.0 = Debug|Any CPU
		{33E6D24F-13D6-431D-AF00-C109CB45C694}.DEBUGLOCAL|Any CPU.ActiveCfg = DEBUG-LOCAL|Any CPU
		{33E6D24F-13D6-431D-AF00-C109CB45C694}.DEBUGLOCAL|Any CPU.Build.0 = DEBUG-LOCAL|Any CPU
		{33E6D24F-13D6-431D-AF00-C109CB45C694}.DEBUG-LOCAL|Any CPU.ActiveCfg = DEBUG-LOCAL|Any CPU
		{33E6D24F-13D6-431D-AF00-C109CB45C694}.DEBUG-LOCAL|Any CPU.Build.0 = DEBUG-LOCAL|Any CPU
		{33E6D24F-13D6-431D-AF00-C109CB45C694}.DEBUGPROD|Any CPU.ActiveCfg = DEBUGPROD|Any CPU
		{33E6D24F-13D6-431D-AF00-C109CB45C694}.DEBUGPROD|Any CPU.Build.0 = DEBUGPROD|Any CPU
		{33E6D24F-13D6-431D-AF00-C109CB45C694}.DEBUGTEST|Any CPU.ActiveCfg = DEBUGTEST|Any CPU
		{33E6D24F-13D6-431D-AF00-C109CB45C694}.DEBUGTEST|Any CPU.Build.0 = DEBUGTEST|Any CPU
		{33E6D24F-13D6-431D-AF00-C109CB45C694}.prod|Any CPU.ActiveCfg = cc-prod|Any CPU
		{33E6D24F-13D6-431D-AF00-C109CB45C694}.prod|Any CPU.Build.0 = cc-prod|Any CPU
		{33E6D24F-13D6-431D-AF00-C109CB45C694}.Release|Any CPU.ActiveCfg = Release|Any CPU
		{33E6D24F-13D6-431D-AF00-C109CB45C694}.Release|Any CPU.Build.0 = Release|Any CPU
		{33E6D24F-13D6-431D-AF00-C109CB45C694}.RELEASE-PROD|Any CPU.ActiveCfg = RELEASE-PROD|Any CPU
		{33E6D24F-13D6-431D-AF00-C109CB45C694}.RELEASE-PROD|Any CPU.Build.0 = RELEASE-PROD|Any CPU
		{33E6D24F-13D6-431D-AF00-C109CB45C694}.RELEASE-TEST|Any CPU.ActiveCfg = RELEASE-TEST|Any CPU
		{33E6D24F-13D6-431D-AF00-C109CB45C694}.RELEASE-TEST|Any CPU.Build.0 = RELEASE-TEST|Any CPU
		{C4C77A22-6318-4E32-90CB-9E9854E03F5A}.app|Any CPU.ActiveCfg = cc-app|Any CPU
		{C4C77A22-6318-4E32-90CB-9E9854E03F5A}.app|Any CPU.Build.0 = cc-app|Any CPU
		{C4C77A22-6318-4E32-90CB-9E9854E03F5A}.cc-app|Any CPU.ActiveCfg = cc-app|Any CPU
		{C4C77A22-6318-4E32-90CB-9E9854E03F5A}.cc-app|Any CPU.Build.0 = cc-app|Any CPU
		{C4C77A22-6318-4E32-90CB-9E9854E03F5A}.cc-prod|Any CPU.ActiveCfg = cc-prod|Any CPU
		{C4C77A22-6318-4E32-90CB-9E9854E03F5A}.cc-prod|Any CPU.Build.0 = cc-prod|Any CPU
		{C4C77A22-6318-4E32-90CB-9E9854E03F5A}.Debug|Any CPU.ActiveCfg = Debug|Any CPU
		{C4C77A22-6318-4E32-90CB-9E9854E03F5A}.Debug|Any CPU.Build.0 = Debug|Any CPU
		{C4C77A22-6318-4E32-90CB-9E9854E03F5A}.DEBUGLOCAL|Any CPU.ActiveCfg = DEBUG-LOCAL|Any CPU
		{C4C77A22-6318-4E32-90CB-9E9854E03F5A}.DEBUGLOCAL|Any CPU.Build.0 = DEBUG-LOCAL|Any CPU
		{C4C77A22-6318-4E32-90CB-9E9854E03F5A}.DEBUG-LOCAL|Any CPU.ActiveCfg = DEBUG-LOCAL|Any CPU
		{C4C77A22-6318-4E32-90CB-9E9854E03F5A}.DEBUG-LOCAL|Any CPU.Build.0 = DEBUG-LOCAL|Any CPU
		{C4C77A22-6318-4E32-90CB-9E9854E03F5A}.DEBUGPROD|Any CPU.ActiveCfg = DEBUGPROD|Any CPU
		{C4C77A22-6318-4E32-90CB-9E9854E03F5A}.DEBUGPROD|Any CPU.Build.0 = DEBUGPROD|Any CPU
		{C4C77A22-6318-4E32-90CB-9E9854E03F5A}.DEBUGTEST|Any CPU.ActiveCfg = DEBUGTEST|Any CPU
		{C4C77A22-6318-4E32-90CB-9E9854E03F5A}.DEBUGTEST|Any CPU.Build.0 = DEBUGTEST|Any CPU
		{C4C77A22-6318-4E32-90CB-9E9854E03F5A}.prod|Any CPU.ActiveCfg = cc-prod|Any CPU
		{C4C77A22-6318-4E32-90CB-9E9854E03F5A}.prod|Any CPU.Build.0 = cc-prod|Any CPU
		{C4C77A22-6318-4E32-90CB-9E9854E03F5A}.Release|Any CPU.ActiveCfg = Release|Any CPU
		{C4C77A22-6318-4E32-90CB-9E9854E03F5A}.Release|Any CPU.Build.0 = Release|Any CPU
		{C4C77A22-6318-4E32-90CB-9E9854E03F5A}.RELEASE-PROD|Any CPU.ActiveCfg = RELEASE-PROD|Any CPU
		{C4C77A22-6318-4E32-90CB-9E9854E03F5A}.RELEASE-PROD|Any CPU.Build.0 = RELEASE-PROD|Any CPU
		{C4C77A22-6318-4E32-90CB-9E9854E03F5A}.RELEASE-TEST|Any CPU.ActiveCfg = RELEASE-TEST|Any CPU
		{C4C77A22-6318-4E32-90CB-9E9854E03F5A}.RELEASE-TEST|Any CPU.Build.0 = RELEASE-TEST|Any CPU
		{E4C37822-FCFA-431B-B373-A78FBD5136B3}.app|Any CPU.ActiveCfg = cc-app|Any CPU
		{E4C37822-FCFA-431B-B373-A78FBD5136B3}.app|Any CPU.Build.0 = cc-app|Any CPU
		{E4C37822-FCFA-431B-B373-A78FBD5136B3}.cc-app|Any CPU.ActiveCfg = cc-app|Any CPU
		{E4C37822-FCFA-431B-B373-A78FBD5136B3}.cc-app|Any CPU.Build.0 = cc-app|Any CPU
		{E4C37822-FCFA-431B-B373-A78FBD5136B3}.cc-prod|Any CPU.ActiveCfg = cc-prod|Any CPU
		{E4C37822-FCFA-431B-B373-A78FBD5136B3}.cc-prod|Any CPU.Build.0 = cc-prod|Any CPU
		{E4C37822-FCFA-431B-B373-A78FBD5136B3}.Debug|Any CPU.ActiveCfg = Debug|Any CPU
		{E4C37822-FCFA-431B-B373-A78FBD5136B3}.Debug|Any CPU.Build.0 = Debug|Any CPU
		{E4C37822-FCFA-431B-B373-A78FBD5136B3}.DEBUGLOCAL|Any CPU.ActiveCfg = DEBUG-LOCAL|Any CPU
		{E4C37822-FCFA-431B-B373-A78FBD5136B3}.DEBUGLOCAL|Any CPU.Build.0 = DEBUG-LOCAL|Any CPU
		{E4C37822-FCFA-431B-B373-A78FBD5136B3}.DEBUG-LOCAL|Any CPU.ActiveCfg = DEBUG-LOCAL|Any CPU
		{E4C37822-FCFA-431B-B373-A78FBD5136B3}.DEBUG-LOCAL|Any CPU.Build.0 = DEBUG-LOCAL|Any CPU
		{E4C37822-FCFA-431B-B373-A78FBD5136B3}.DEBUGPROD|Any CPU.ActiveCfg = DEBUGPROD|Any CPU
		{E4C37822-FCFA-431B-B373-A78FBD5136B3}.DEBUGPROD|Any CPU.Build.0 = DEBUGPROD|Any CPU
		{E4C37822-FCFA-431B-B373-A78FBD5136B3}.DEBUGTEST|Any CPU.ActiveCfg = DEBUGTEST|Any CPU
		{E4C37822-FCFA-431B-B373-A78FBD5136B3}.DEBUGTEST|Any CPU.Build.0 = DEBUGTEST|Any CPU
		{E4C37822-FCFA-431B-B373-A78FBD5136B3}.prod|Any CPU.ActiveCfg = cc-prod|Any CPU
		{E4C37822-FCFA-431B-B373-A78FBD5136B3}.prod|Any CPU.Build.0 = cc-prod|Any CPU
		{E4C37822-FCFA-431B-B373-A78FBD5136B3}.Release|Any CPU.ActiveCfg = Release|Any CPU
		{E4C37822-FCFA-431B-B373-A78FBD5136B3}.Release|Any CPU.Build.0 = Release|Any CPU
		{E4C37822-FCFA-431B-B373-A78FBD5136B3}.RELEASE-PROD|Any CPU.ActiveCfg = RELEASE-PROD|Any CPU
		{E4C37822-FCFA-431B-B373-A78FBD5136B3}.RELEASE-PROD|Any CPU.Build.0 = RELEASE-PROD|Any CPU
		{E4C37822-FCFA-431B-B373-A78FBD5136B3}.RELEASE-TEST|Any CPU.ActiveCfg = RELEASE-TEST|Any CPU
		{E4C37822-FCFA-431B-B373-A78FBD5136B3}.RELEASE-TEST|Any CPU.Build.0 = RELEASE-TEST|Any CPU
		{BD853521-086A-4B3A-9E98-504B3CF0B683}.app|Any CPU.ActiveCfg = cc-app|Any CPU
		{BD853521-086A-4B3A-9E98-504B3CF0B683}.app|Any CPU.Build.0 = cc-app|Any CPU
		{BD853521-086A-4B3A-9E98-504B3CF0B683}.cc-app|Any CPU.ActiveCfg = cc-app|Any CPU
		{BD853521-086A-4B3A-9E98-504B3CF0B683}.cc-app|Any CPU.Build.0 = cc-app|Any CPU
		{BD853521-086A-4B3A-9E98-504B3CF0B683}.cc-prod|Any CPU.ActiveCfg = cc-prod|Any CPU
		{BD853521-086A-4B3A-9E98-504B3CF0B683}.cc-prod|Any CPU.Build.0 = cc-prod|Any CPU
		{BD853521-086A-4B3A-9E98-504B3CF0B683}.Debug|Any CPU.ActiveCfg = Debug|Any CPU
		{BD853521-086A-4B3A-9E98-504B3CF0B683}.Debug|Any CPU.Build.0 = Debug|Any CPU
		{BD853521-086A-4B3A-9E98-504B3CF0B683}.DEBUGLOCAL|Any CPU.ActiveCfg = DEBUG-LOCAL|Any CPU
		{BD853521-086A-4B3A-9E98-504B3CF0B683}.DEBUGLOCAL|Any CPU.Build.0 = DEBUG-LOCAL|Any CPU
		{BD853521-086A-4B3A-9E98-504B3CF0B683}.DEBUG-LOCAL|Any CPU.ActiveCfg = DEBUG-LOCAL|Any CPU
		{BD853521-086A-4B3A-9E98-504B3CF0B683}.DEBUG-LOCAL|Any CPU.Build.0 = DEBUG-LOCAL|Any CPU
		{BD853521-086A-4B3A-9E98-504B3CF0B683}.DEBUGPROD|Any CPU.ActiveCfg = DEBUGPROD|Any CPU
		{BD853521-086A-4B3A-9E98-504B3CF0B683}.DEBUGPROD|Any CPU.Build.0 = DEBUGPROD|Any CPU
		{BD853521-086A-4B3A-9E98-504B3CF0B683}.DEBUGTEST|Any CPU.ActiveCfg = DEBUGTEST|Any CPU
		{BD853521-086A-4B3A-9E98-504B3CF0B683}.DEBUGTEST|Any CPU.Build.0 = DEBUGTEST|Any CPU
		{BD853521-086A-4B3A-9E98-504B3CF0B683}.prod|Any CPU.ActiveCfg = cc-prod|Any CPU
		{BD853521-086A-4B3A-9E98-504B3CF0B683}.prod|Any CPU.Build.0 = cc-prod|Any CPU
		{BD853521-086A-4B3A-9E98-504B3CF0B683}.Release|Any CPU.ActiveCfg = Release|Any CPU
		{BD853521-086A-4B3A-9E98-504B3CF0B683}.Release|Any CPU.Build.0 = Release|Any CPU
		{BD853521-086A-4B3A-9E98-504B3CF0B683}.RELEASE-PROD|Any CPU.ActiveCfg = RELEASE-PROD|Any CPU
		{BD853521-086A-4B3A-9E98-504B3CF0B683}.RELEASE-PROD|Any CPU.Build.0 = RELEASE-PROD|Any CPU
		{BD853521-086A-4B3A-9E98-504B3CF0B683}.RELEASE-TEST|Any CPU.ActiveCfg = RELEASE-TEST|Any CPU
		{BD853521-086A-4B3A-9E98-504B3CF0B683}.RELEASE-TEST|Any CPU.Build.0 = RELEASE-TEST|Any CPU
		{85088AC6-4AFA-4E25-A99D-9C141A436BF1}.app|Any CPU.ActiveCfg = cc-app|Any CPU
		{85088AC6-4AFA-4E25-A99D-9C141A436BF1}.app|Any CPU.Build.0 = cc-app|Any CPU
		{85088AC6-4AFA-4E25-A99D-9C141A436BF1}.cc-app|Any CPU.ActiveCfg = cc-app|Any CPU
		{85088AC6-4AFA-4E25-A99D-9C141A436BF1}.cc-app|Any CPU.Build.0 = cc-app|Any CPU
		{85088AC6-4AFA-4E25-A99D-9C141A436BF1}.cc-prod|Any CPU.ActiveCfg = cc-prod|Any CPU
		{85088AC6-4AFA-4E25-A99D-9C141A436BF1}.cc-prod|Any CPU.Build.0 = cc-prod|Any CPU
		{85088AC6-4AFA-4E25-A99D-9C141A436BF1}.Debug|Any CPU.ActiveCfg = Debug|Any CPU
		{85088AC6-4AFA-4E25-A99D-9C141A436BF1}.Debug|Any CPU.Build.0 = Debug|Any CPU
		{85088AC6-4AFA-4E25-A99D-9C141A436BF1}.DEBUGLOCAL|Any CPU.ActiveCfg = DEBUG-LOCAL|Any CPU
		{85088AC6-4AFA-4E25-A99D-9C141A436BF1}.DEBUGLOCAL|Any CPU.Build.0 = DEBUG-LOCAL|Any CPU
		{85088AC6-4AFA-4E25-A99D-9C141A436BF1}.DEBUG-LOCAL|Any CPU.ActiveCfg = DEBUG-LOCAL|Any CPU
		{85088AC6-4AFA-4E25-A99D-9C141A436BF1}.DEBUG-LOCAL|Any CPU.Build.0 = DEBUG-LOCAL|Any CPU
		{85088AC6-4AFA-4E25-A99D-9C141A436BF1}.DEBUGPROD|Any CPU.ActiveCfg = DEBUGPROD|Any CPU
		{85088AC6-4AFA-4E25-A99D-9C141A436BF1}.DEBUGPROD|Any CPU.Build.0 = DEBUGPROD|Any CPU
		{85088AC6-4AFA-4E25-A99D-9C141A436BF1}.DEBUGTEST|Any CPU.ActiveCfg = DEBUGTEST|Any CPU
		{85088AC6-4AFA-4E25-A99D-9C141A436BF1}.DEBUGTEST|Any CPU.Build.0 = DEBUGTEST|Any CPU
		{85088AC6-4AFA-4E25-A99D-9C141A436BF1}.prod|Any CPU.ActiveCfg = cc-prod|Any CPU
		{85088AC6-4AFA-4E25-A99D-9C141A436BF1}.prod|Any CPU.Build.0 = cc-prod|Any CPU
		{85088AC6-4AFA-4E25-A99D-9C141A436BF1}.Release|Any CPU.ActiveCfg = Release|Any CPU
		{85088AC6-4AFA-4E25-A99D-9C141A436BF1}.Release|Any CPU.Build.0 = Release|Any CPU
		{85088AC6-4AFA-4E25-A99D-9C141A436BF1}.RELEASE-PROD|Any CPU.ActiveCfg = RELEASE-PROD|Any CPU
		{85088AC6-4AFA-4E25-A99D-9C141A436BF1}.RELEASE-PROD|Any CPU.Build.0 = RELEASE-PROD|Any CPU
		{85088AC6-4AFA-4E25-A99D-9C141A436BF1}.RELEASE-TEST|Any CPU.ActiveCfg = RELEASE-TEST|Any CPU
		{85088AC6-4AFA-4E25-A99D-9C141A436BF1}.RELEASE-TEST|Any CPU.Build.0 = RELEASE-TEST|Any CPU
		{10500FAC-5DE1-442F-9375-0488AE6CBE8C}.app|Any CPU.ActiveCfg = cc-app|Any CPU
		{10500FAC-5DE1-442F-9375-0488AE6CBE8C}.app|Any CPU.Build.0 = cc-app|Any CPU
		{10500FAC-5DE1-442F-9375-0488AE6CBE8C}.cc-app|Any CPU.ActiveCfg = cc-app|Any CPU
		{10500FAC-5DE1-442F-9375-0488AE6CBE8C}.cc-app|Any CPU.Build.0 = cc-app|Any CPU
		{10500FAC-5DE1-442F-9375-0488AE6CBE8C}.cc-prod|Any CPU.ActiveCfg = cc-prod|Any CPU
		{10500FAC-5DE1-442F-9375-0488AE6CBE8C}.cc-prod|Any CPU.Build.0 = cc-prod|Any CPU
		{10500FAC-5DE1-442F-9375-0488AE6CBE8C}.Debug|Any CPU.ActiveCfg = Debug|Any CPU
		{10500FAC-5DE1-442F-9375-0488AE6CBE8C}.Debug|Any CPU.Build.0 = Debug|Any CPU
		{10500FAC-5DE1-442F-9375-0488AE6CBE8C}.DEBUGLOCAL|Any CPU.ActiveCfg = DEBUG-LOCAL|Any CPU
		{10500FAC-5DE1-442F-9375-0488AE6CBE8C}.DEBUGLOCAL|Any CPU.Build.0 = DEBUG-LOCAL|Any CPU
		{10500FAC-5DE1-442F-9375-0488AE6CBE8C}.DEBUG-LOCAL|Any CPU.ActiveCfg = DEBUG-LOCAL|Any CPU
		{10500FAC-5DE1-442F-9375-0488AE6CBE8C}.DEBUG-LOCAL|Any CPU.Build.0 = DEBUG-LOCAL|Any CPU
		{10500FAC-5DE1-442F-9375-0488AE6CBE8C}.DEBUGPROD|Any CPU.ActiveCfg = DEBUGPROD|Any CPU
		{10500FAC-5DE1-442F-9375-0488AE6CBE8C}.DEBUGPROD|Any CPU.Build.0 = DEBUGPROD|Any CPU
		{10500FAC-5DE1-442F-9375-0488AE6CBE8C}.DEBUGTEST|Any CPU.ActiveCfg = DEBUGTEST|Any CPU
		{10500FAC-5DE1-442F-9375-0488AE6CBE8C}.DEBUGTEST|Any CPU.Build.0 = DEBUGTEST|Any CPU
		{10500FAC-5DE1-442F-9375-0488AE6CBE8C}.prod|Any CPU.ActiveCfg = cc-prod|Any CPU
		{10500FAC-5DE1-442F-9375-0488AE6CBE8C}.prod|Any CPU.Build.0 = cc-prod|Any CPU
		{10500FAC-5DE1-442F-9375-0488AE6CBE8C}.Release|Any CPU.ActiveCfg = Release|Any CPU
		{10500FAC-5DE1-442F-9375-0488AE6CBE8C}.Release|Any CPU.Build.0 = Release|Any CPU
		{10500FAC-5DE1-442F-9375-0488AE6CBE8C}.RELEASE-PROD|Any CPU.ActiveCfg = RELEASE-PROD|Any CPU
		{10500FAC-5DE1-442F-9375-0488AE6CBE8C}.RELEASE-PROD|Any CPU.Build.0 = RELEASE-PROD|Any CPU
		{10500FAC-5DE1-442F-9375-0488AE6CBE8C}.RELEASE-TEST|Any CPU.ActiveCfg = RELEASE-TEST|Any CPU
		{10500FAC-5DE1-442F-9375-0488AE6CBE8C}.RELEASE-TEST|Any CPU.Build.0 = RELEASE-TEST|Any CPU
		{96DB26DF-E3C9-4F1C-9AF7-3E7BECBDE678}.app|Any CPU.ActiveCfg = cc-app|Any CPU
		{96DB26DF-E3C9-4F1C-9AF7-3E7BECBDE678}.app|Any CPU.Build.0 = cc-app|Any CPU
		{96DB26DF-E3C9-4F1C-9AF7-3E7BECBDE678}.cc-app|Any CPU.ActiveCfg = cc-app|Any CPU
		{96DB26DF-E3C9-4F1C-9AF7-3E7BECBDE678}.cc-app|Any CPU.Build.0 = cc-app|Any CPU
		{96DB26DF-E3C9-4F1C-9AF7-3E7BECBDE678}.cc-prod|Any CPU.ActiveCfg = cc-prod|Any CPU
		{96DB26DF-E3C9-4F1C-9AF7-3E7BECBDE678}.cc-prod|Any CPU.Build.0 = cc-prod|Any CPU
		{96DB26DF-E3C9-4F1C-9AF7-3E7BECBDE678}.Debug|Any CPU.ActiveCfg = Debug|Any CPU
		{96DB26DF-E3C9-4F1C-9AF7-3E7BECBDE678}.Debug|Any CPU.Build.0 = Debug|Any CPU
		{96DB26DF-E3C9-4F1C-9AF7-3E7BECBDE678}.DEBUGLOCAL|Any CPU.ActiveCfg = DEBUG-LOCAL|Any CPU
		{96DB26DF-E3C9-4F1C-9AF7-3E7BECBDE678}.DEBUGLOCAL|Any CPU.Build.0 = DEBUG-LOCAL|Any CPU
		{96DB26DF-E3C9-4F1C-9AF7-3E7BECBDE678}.DEBUG-LOCAL|Any CPU.ActiveCfg = DEBUG-LOCAL|Any CPU
		{96DB26DF-E3C9-4F1C-9AF7-3E7BECBDE678}.DEBUG-LOCAL|Any CPU.Build.0 = DEBUG-LOCAL|Any CPU
		{96DB26DF-E3C9-4F1C-9AF7-3E7BECBDE678}.DEBUGPROD|Any CPU.ActiveCfg = DEBUGPROD|Any CPU
		{96DB26DF-E3C9-4F1C-9AF7-3E7BECBDE678}.DEBUGPROD|Any CPU.Build.0 = DEBUGPROD|Any CPU
		{96DB26DF-E3C9-4F1C-9AF7-3E7BECBDE678}.DEBUGTEST|Any CPU.ActiveCfg = DEBUGTEST|Any CPU
		{96DB26DF-E3C9-4F1C-9AF7-3E7BECBDE678}.prod|Any CPU.ActiveCfg = cc-prod|Any CPU
		{96DB26DF-E3C9-4F1C-9AF7-3E7BECBDE678}.prod|Any CPU.Build.0 = cc-prod|Any CPU
		{96DB26DF-E3C9-4F1C-9AF7-3E7BECBDE678}.Release|Any CPU.ActiveCfg = Release|Any CPU
		{96DB26DF-E3C9-4F1C-9AF7-3E7BECBDE678}.Release|Any CPU.Build.0 = Release|Any CPU
		{96DB26DF-E3C9-4F1C-9AF7-3E7BECBDE678}.RELEASE-PROD|Any CPU.ActiveCfg = RELEASE-PROD|Any CPU
		{96DB26DF-E3C9-4F1C-9AF7-3E7BECBDE678}.RELEASE-PROD|Any CPU.Build.0 = RELEASE-PROD|Any CPU
		{96DB26DF-E3C9-4F1C-9AF7-3E7BECBDE678}.RELEASE-TEST|Any CPU.ActiveCfg = RELEASE-TEST|Any CPU
		{96DB26DF-E3C9-4F1C-9AF7-3E7BECBDE678}.RELEASE-TEST|Any CPU.Build.0 = RELEASE-TEST|Any CPU
		{C38D0026-5828-499C-B984-F40514CA093D}.app|Any CPU.ActiveCfg = app|Any CPU
		{C38D0026-5828-499C-B984-F40514CA093D}.app|Any CPU.Build.0 = app|Any CPU
		{C38D0026-5828-499C-B984-F40514CA093D}.cc-app|Any CPU.ActiveCfg = app|Any CPU
		{C38D0026-5828-499C-B984-F40514CA093D}.cc-app|Any CPU.Build.0 = app|Any CPU
		{C38D0026-5828-499C-B984-F40514CA093D}.cc-prod|Any CPU.ActiveCfg = prod|Any CPU
		{C38D0026-5828-499C-B984-F40514CA093D}.cc-prod|Any CPU.Build.0 = prod|Any CPU
		{C38D0026-5828-499C-B984-F40514CA093D}.Debug|Any CPU.ActiveCfg = Debug|Any CPU
		{C38D0026-5828-499C-B984-F40514CA093D}.Debug|Any CPU.Build.0 = Debug|Any CPU
		{C38D0026-5828-499C-B984-F40514CA093D}.DEBUGLOCAL|Any CPU.ActiveCfg = DEBUG-LOCAL|Any CPU
		{C38D0026-5828-499C-B984-F40514CA093D}.DEBUGLOCAL|Any CPU.Build.0 = DEBUG-LOCAL|Any CPU
		{C38D0026-5828-499C-B984-F40514CA093D}.DEBUG-LOCAL|Any CPU.ActiveCfg = DEBUG-LOCAL|Any CPU
		{C38D0026-5828-499C-B984-F40514CA093D}.DEBUG-LOCAL|Any CPU.Build.0 = DEBUG-LOCAL|Any CPU
		{C38D0026-5828-499C-B984-F40514CA093D}.DEBUGPROD|Any CPU.ActiveCfg = DEBUGPROD|Any CPU
		{C38D0026-5828-499C-B984-F40514CA093D}.DEBUGPROD|Any CPU.Build.0 = DEBUGPROD|Any CPU
		{C38D0026-5828-499C-B984-F40514CA093D}.DEBUGTEST|Any CPU.ActiveCfg = DEBUGTEST|Any CPU
		{C38D0026-5828-499C-B984-F40514CA093D}.DEBUGTEST|Any CPU.Build.0 = DEBUGTEST|Any CPU
		{C38D0026-5828-499C-B984-F40514CA093D}.prod|Any CPU.ActiveCfg = prod|Any CPU
		{C38D0026-5828-499C-B984-F40514CA093D}.prod|Any CPU.Build.0 = prod|Any CPU
		{C38D0026-5828-499C-B984-F40514CA093D}.Release|Any CPU.ActiveCfg = Release|Any CPU
		{C38D0026-5828-499C-B984-F40514CA093D}.Release|Any CPU.Build.0 = Release|Any CPU
		{C38D0026-5828-499C-B984-F40514CA093D}.RELEASE-PROD|Any CPU.ActiveCfg = RELEASE-PROD|Any CPU
		{C38D0026-5828-499C-B984-F40514CA093D}.RELEASE-PROD|Any CPU.Build.0 = RELEASE-PROD|Any CPU
		{C38D0026-5828-499C-B984-F40514CA093D}.RELEASE-TEST|Any CPU.ActiveCfg = RELEASE-TEST|Any CPU
		{C38D0026-5828-499C-B984-F40514CA093D}.RELEASE-TEST|Any CPU.Build.0 = RELEASE-TEST|Any CPU
		{7496A516-D4AC-4EDC-8C2C-016E4F621478}.app|Any CPU.ActiveCfg = cc-app|Any CPU
		{7496A516-D4AC-4EDC-8C2C-016E4F621478}.app|Any CPU.Build.0 = cc-app|Any CPU
		{7496A516-D4AC-4EDC-8C2C-016E4F621478}.cc-app|Any CPU.ActiveCfg = cc-app|Any CPU
		{7496A516-D4AC-4EDC-8C2C-016E4F621478}.cc-app|Any CPU.Build.0 = cc-app|Any CPU
		{7496A516-D4AC-4EDC-8C2C-016E4F621478}.cc-prod|Any CPU.ActiveCfg = cc-prod|Any CPU
		{7496A516-D4AC-4EDC-8C2C-016E4F621478}.cc-prod|Any CPU.Build.0 = cc-prod|Any CPU
		{7496A516-D4AC-4EDC-8C2C-016E4F621478}.Debug|Any CPU.ActiveCfg = Debug|Any CPU
		{7496A516-D4AC-4EDC-8C2C-016E4F621478}.Debug|Any CPU.Build.0 = Debug|Any CPU
		{7496A516-D4AC-4EDC-8C2C-016E4F621478}.DEBUGLOCAL|Any CPU.ActiveCfg = DEBUG-LOCAL|Any CPU
		{7496A516-D4AC-4EDC-8C2C-016E4F621478}.DEBUGLOCAL|Any CPU.Build.0 = DEBUG-LOCAL|Any CPU
		{7496A516-D4AC-4EDC-8C2C-016E4F621478}.DEBUG-LOCAL|Any CPU.ActiveCfg = DEBUG-LOCAL|Any CPU
		{7496A516-D4AC-4EDC-8C2C-016E4F621478}.DEBUG-LOCAL|Any CPU.Build.0 = DEBUG-LOCAL|Any CPU
		{7496A516-D4AC-4EDC-8C2C-016E4F621478}.DEBUGPROD|Any CPU.ActiveCfg = DEBUGPROD|Any CPU
		{7496A516-D4AC-4EDC-8C2C-016E4F621478}.DEBUGPROD|Any CPU.Build.0 = DEBUGPROD|Any CPU
		{7496A516-D4AC-4EDC-8C2C-016E4F621478}.DEBUGTEST|Any CPU.ActiveCfg = DEBUGTEST|Any CPU
		{7496A516-D4AC-4EDC-8C2C-016E4F621478}.DEBUGTEST|Any CPU.Build.0 = DEBUGTEST|Any CPU
		{7496A516-D4AC-4EDC-8C2C-016E4F621478}.prod|Any CPU.ActiveCfg = cc-prod|Any CPU
		{7496A516-D4AC-4EDC-8C2C-016E4F621478}.prod|Any CPU.Build.0 = cc-prod|Any CPU
		{7496A516-D4AC-4EDC-8C2C-016E4F621478}.Release|Any CPU.ActiveCfg = Release|Any CPU
		{7496A516-D4AC-4EDC-8C2C-016E4F621478}.Release|Any CPU.Build.0 = Release|Any CPU
		{7496A516-D4AC-4EDC-8C2C-016E4F621478}.RELEASE-PROD|Any CPU.ActiveCfg = RELEASE-PROD|Any CPU
		{7496A516-D4AC-4EDC-8C2C-016E4F621478}.RELEASE-PROD|Any CPU.Build.0 = RELEASE-PROD|Any CPU
		{7496A516-D4AC-4EDC-8C2C-016E4F621478}.RELEASE-TEST|Any CPU.ActiveCfg = RELEASE-TEST|Any CPU
		{7496A516-D4AC-4EDC-8C2C-016E4F621478}.RELEASE-TEST|Any CPU.Build.0 = RELEASE-TEST|Any CPU
		{256C1F27-E460-4254-A065-B3D8D1B16F2D}.app|Any CPU.ActiveCfg = cc-app|Any CPU
		{256C1F27-E460-4254-A065-B3D8D1B16F2D}.app|Any CPU.Build.0 = cc-app|Any CPU
		{256C1F27-E460-4254-A065-B3D8D1B16F2D}.cc-app|Any CPU.ActiveCfg = cc-app|Any CPU
		{256C1F27-E460-4254-A065-B3D8D1B16F2D}.cc-app|Any CPU.Build.0 = cc-app|Any CPU
		{256C1F27-E460-4254-A065-B3D8D1B16F2D}.cc-prod|Any CPU.ActiveCfg = cc-prod|Any CPU
		{256C1F27-E460-4254-A065-B3D8D1B16F2D}.cc-prod|Any CPU.Build.0 = cc-prod|Any CPU
		{256C1F27-E460-4254-A065-B3D8D1B16F2D}.Debug|Any CPU.ActiveCfg = Debug|Any CPU
		{256C1F27-E460-4254-A065-B3D8D1B16F2D}.Debug|Any CPU.Build.0 = Debug|Any CPU
		{256C1F27-E460-4254-A065-B3D8D1B16F2D}.DEBUGLOCAL|Any CPU.ActiveCfg = DEBUG-LOCAL|Any CPU
		{256C1F27-E460-4254-A065-B3D8D1B16F2D}.DEBUGLOCAL|Any CPU.Build.0 = DEBUG-LOCAL|Any CPU
		{256C1F27-E460-4254-A065-B3D8D1B16F2D}.DEBUG-LOCAL|Any CPU.ActiveCfg = DEBUG-LOCAL|Any CPU
		{256C1F27-E460-4254-A065-B3D8D1B16F2D}.DEBUG-LOCAL|Any CPU.Build.0 = DEBUG-LOCAL|Any CPU
		{256C1F27-E460-4254-A065-B3D8D1B16F2D}.DEBUGPROD|Any CPU.ActiveCfg = DEBUGPROD|Any CPU
		{256C1F27-E460-4254-A065-B3D8D1B16F2D}.DEBUGPROD|Any CPU.Build.0 = DEBUGPROD|Any CPU
		{256C1F27-E460-4254-A065-B3D8D1B16F2D}.DEBUGTEST|Any CPU.ActiveCfg = DEBUGTEST|Any CPU
		{256C1F27-E460-4254-A065-B3D8D1B16F2D}.prod|Any CPU.ActiveCfg = cc-prod|Any CPU
		{256C1F27-E460-4254-A065-B3D8D1B16F2D}.prod|Any CPU.Build.0 = cc-prod|Any CPU
		{256C1F27-E460-4254-A065-B3D8D1B16F2D}.Release|Any CPU.ActiveCfg = Release|Any CPU
		{256C1F27-E460-4254-A065-B3D8D1B16F2D}.Release|Any CPU.Build.0 = Release|Any CPU
		{256C1F27-E460-4254-A065-B3D8D1B16F2D}.RELEASE-PROD|Any CPU.ActiveCfg = RELEASE-PROD|Any CPU
		{256C1F27-E460-4254-A065-B3D8D1B16F2D}.RELEASE-PROD|Any CPU.Build.0 = RELEASE-PROD|Any CPU
		{256C1F27-E460-4254-A065-B3D8D1B16F2D}.RELEASE-TEST|Any CPU.ActiveCfg = RELEASE-TEST|Any CPU
		{256C1F27-E460-4254-A065-B3D8D1B16F2D}.RELEASE-TEST|Any CPU.Build.0 = RELEASE-TEST|Any CPU
		{0D14777B-2EBF-41E2-97B6-5461405EA0A7}.app|Any CPU.ActiveCfg = Release|Any CPU
		{0D14777B-2EBF-41E2-97B6-5461405EA0A7}.app|Any CPU.Build.0 = Release|Any CPU
		{0D14777B-2EBF-41E2-97B6-5461405EA0A7}.cc-app|Any CPU.ActiveCfg = Release|Any CPU
		{0D14777B-2EBF-41E2-97B6-5461405EA0A7}.cc-app|Any CPU.Build.0 = Release|Any CPU
		{0D14777B-2EBF-41E2-97B6-5461405EA0A7}.cc-prod|Any CPU.ActiveCfg = Release|Any CPU
		{0D14777B-2EBF-41E2-97B6-5461405EA0A7}.cc-prod|Any CPU.Build.0 = Release|Any CPU
		{0D14777B-2EBF-41E2-97B6-5461405EA0A7}.Debug|Any CPU.ActiveCfg = Debug|Any CPU
		{0D14777B-2EBF-41E2-97B6-5461405EA0A7}.Debug|Any CPU.Build.0 = Debug|Any CPU
		{0D14777B-2EBF-41E2-97B6-5461405EA0A7}.DEBUGLOCAL|Any CPU.ActiveCfg = Debug|Any CPU
		{0D14777B-2EBF-41E2-97B6-5461405EA0A7}.DEBUGLOCAL|Any CPU.Build.0 = Debug|Any CPU
		{0D14777B-2EBF-41E2-97B6-5461405EA0A7}.DEBUG-LOCAL|Any CPU.ActiveCfg = Debug|Any CPU
		{0D14777B-2EBF-41E2-97B6-5461405EA0A7}.DEBUG-LOCAL|Any CPU.Build.0 = Debug|Any CPU
		{0D14777B-2EBF-41E2-97B6-5461405EA0A7}.DEBUGPROD|Any CPU.ActiveCfg = Debug|Any CPU
		{0D14777B-2EBF-41E2-97B6-5461405EA0A7}.DEBUGPROD|Any CPU.Build.0 = Debug|Any CPU
		{0D14777B-2EBF-41E2-97B6-5461405EA0A7}.DEBUGTEST|Any CPU.ActiveCfg = Debug|Any CPU
		{0D14777B-2EBF-41E2-97B6-5461405EA0A7}.DEBUGTEST|Any CPU.Build.0 = Debug|Any CPU
		{0D14777B-2EBF-41E2-97B6-5461405EA0A7}.prod|Any CPU.ActiveCfg = Release|Any CPU
		{0D14777B-2EBF-41E2-97B6-5461405EA0A7}.prod|Any CPU.Build.0 = Release|Any CPU
		{0D14777B-2EBF-41E2-97B6-5461405EA0A7}.Release|Any CPU.ActiveCfg = Release|Any CPU
		{0D14777B-2EBF-41E2-97B6-5461405EA0A7}.Release|Any CPU.Build.0 = Release|Any CPU
		{0D14777B-2EBF-41E2-97B6-5461405EA0A7}.RELEASE-PROD|Any CPU.ActiveCfg = Release|Any CPU
		{0D14777B-2EBF-41E2-97B6-5461405EA0A7}.RELEASE-PROD|Any CPU.Build.0 = Release|Any CPU
		{0D14777B-2EBF-41E2-97B6-5461405EA0A7}.RELEASE-TEST|Any CPU.ActiveCfg = Release|Any CPU
		{0D14777B-2EBF-41E2-97B6-5461405EA0A7}.RELEASE-TEST|Any CPU.Build.0 = Release|Any CPU
		{C6DEDDA7-F6C6-43ED-8807-748F71E21824}.app|Any CPU.ActiveCfg = Release|Any CPU
		{C6DEDDA7-F6C6-43ED-8807-748F71E21824}.app|Any CPU.Build.0 = Release|Any CPU
		{C6DEDDA7-F6C6-43ED-8807-748F71E21824}.cc-app|Any CPU.ActiveCfg = Release|Any CPU
		{C6DEDDA7-F6C6-43ED-8807-748F71E21824}.cc-app|Any CPU.Build.0 = Release|Any CPU
		{C6DEDDA7-F6C6-43ED-8807-748F71E21824}.cc-prod|Any CPU.ActiveCfg = Release|Any CPU
		{C6DEDDA7-F6C6-43ED-8807-748F71E21824}.cc-prod|Any CPU.Build.0 = Release|Any CPU
		{C6DEDDA7-F6C6-43ED-8807-748F71E21824}.Debug|Any CPU.ActiveCfg = Debug|Any CPU
		{C6DEDDA7-F6C6-43ED-8807-748F71E21824}.Debug|Any CPU.Build.0 = Debug|Any CPU
		{C6DEDDA7-F6C6-43ED-8807-748F71E21824}.DEBUGLOCAL|Any CPU.ActiveCfg = DEBUG-LOCAL|Any CPU
		{C6DEDDA7-F6C6-43ED-8807-748F71E21824}.DEBUGLOCAL|Any CPU.Build.0 = DEBUG-LOCAL|Any CPU
		{C6DEDDA7-F6C6-43ED-8807-748F71E21824}.DEBUG-LOCAL|Any CPU.ActiveCfg = DEBUG-LOCAL|Any CPU
		{C6DEDDA7-F6C6-43ED-8807-748F71E21824}.DEBUG-LOCAL|Any CPU.Build.0 = DEBUG-LOCAL|Any CPU
		{C6DEDDA7-F6C6-43ED-8807-748F71E21824}.DEBUGPROD|Any CPU.ActiveCfg = Debug|Any CPU
		{C6DEDDA7-F6C6-43ED-8807-748F71E21824}.DEBUGPROD|Any CPU.Build.0 = Debug|Any CPU
		{C6DEDDA7-F6C6-43ED-8807-748F71E21824}.DEBUGTEST|Any CPU.ActiveCfg = Debug|Any CPU
		{C6DEDDA7-F6C6-43ED-8807-748F71E21824}.DEBUGTEST|Any CPU.Build.0 = Debug|Any CPU
		{C6DEDDA7-F6C6-43ED-8807-748F71E21824}.prod|Any CPU.ActiveCfg = Release|Any CPU
		{C6DEDDA7-F6C6-43ED-8807-748F71E21824}.prod|Any CPU.Build.0 = Release|Any CPU
		{C6DEDDA7-F6C6-43ED-8807-748F71E21824}.Release|Any CPU.ActiveCfg = Release|Any CPU
		{C6DEDDA7-F6C6-43ED-8807-748F71E21824}.Release|Any CPU.Build.0 = Release|Any CPU
		{C6DEDDA7-F6C6-43ED-8807-748F71E21824}.RELEASE-PROD|Any CPU.ActiveCfg = Release|Any CPU
		{C6DEDDA7-F6C6-43ED-8807-748F71E21824}.RELEASE-PROD|Any CPU.Build.0 = Release|Any CPU
		{C6DEDDA7-F6C6-43ED-8807-748F71E21824}.RELEASE-TEST|Any CPU.ActiveCfg = Release|Any CPU
		{C6DEDDA7-F6C6-43ED-8807-748F71E21824}.RELEASE-TEST|Any CPU.Build.0 = Release|Any CPU
		{2258D950-D824-46DC-AA70-EE6A8199E5FF}.app|Any CPU.ActiveCfg = Release|Any CPU
		{2258D950-D824-46DC-AA70-EE6A8199E5FF}.app|Any CPU.Build.0 = Release|Any CPU
		{2258D950-D824-46DC-AA70-EE6A8199E5FF}.cc-app|Any CPU.ActiveCfg = Release|Any CPU
		{2258D950-D824-46DC-AA70-EE6A8199E5FF}.cc-app|Any CPU.Build.0 = Release|Any CPU
		{2258D950-D824-46DC-AA70-EE6A8199E5FF}.cc-prod|Any CPU.ActiveCfg = Release|Any CPU
		{2258D950-D824-46DC-AA70-EE6A8199E5FF}.cc-prod|Any CPU.Build.0 = Release|Any CPU
		{2258D950-D824-46DC-AA70-EE6A8199E5FF}.Debug|Any CPU.ActiveCfg = Debug|Any CPU
		{2258D950-D824-46DC-AA70-EE6A8199E5FF}.Debug|Any CPU.Build.0 = Debug|Any CPU
		{2258D950-D824-46DC-AA70-EE6A8199E5FF}.DEBUGLOCAL|Any CPU.ActiveCfg = Debug|Any CPU
		{2258D950-D824-46DC-AA70-EE6A8199E5FF}.DEBUGLOCAL|Any CPU.Build.0 = Debug|Any CPU
		{2258D950-D824-46DC-AA70-EE6A8199E5FF}.DEBUG-LOCAL|Any CPU.ActiveCfg = Debug|Any CPU
		{2258D950-D824-46DC-AA70-EE6A8199E5FF}.DEBUG-LOCAL|Any CPU.Build.0 = Debug|Any CPU
		{2258D950-D824-46DC-AA70-EE6A8199E5FF}.DEBUGPROD|Any CPU.ActiveCfg = Debug|Any CPU
		{2258D950-D824-46DC-AA70-EE6A8199E5FF}.DEBUGPROD|Any CPU.Build.0 = Debug|Any CPU
		{2258D950-D824-46DC-AA70-EE6A8199E5FF}.DEBUGTEST|Any CPU.ActiveCfg = Debug|Any CPU
		{2258D950-D824-46DC-AA70-EE6A8199E5FF}.DEBUGTEST|Any CPU.Build.0 = Debug|Any CPU
		{2258D950-D824-46DC-AA70-EE6A8199E5FF}.prod|Any CPU.ActiveCfg = Release|Any CPU
		{2258D950-D824-46DC-AA70-EE6A8199E5FF}.prod|Any CPU.Build.0 = Release|Any CPU
		{2258D950-D824-46DC-AA70-EE6A8199E5FF}.Release|Any CPU.ActiveCfg = Release|Any CPU
		{2258D950-D824-46DC-AA70-EE6A8199E5FF}.Release|Any CPU.Build.0 = Release|Any CPU
		{2258D950-D824-46DC-AA70-EE6A8199E5FF}.RELEASE-PROD|Any CPU.ActiveCfg = Release|Any CPU
		{2258D950-D824-46DC-AA70-EE6A8199E5FF}.RELEASE-PROD|Any CPU.Build.0 = Release|Any CPU
		{2258D950-D824-46DC-AA70-EE6A8199E5FF}.RELEASE-TEST|Any CPU.ActiveCfg = Release|Any CPU
		{2258D950-D824-46DC-AA70-EE6A8199E5FF}.RELEASE-TEST|Any CPU.Build.0 = Release|Any CPU
		{44671B53-C04B-40AD-AB91-89C6AAB831C8}.app|Any CPU.ActiveCfg = Debug|Any CPU
		{44671B53-C04B-40AD-AB91-89C6AAB831C8}.app|Any CPU.Build.0 = Debug|Any CPU
		{44671B53-C04B-40AD-AB91-89C6AAB831C8}.cc-app|Any CPU.ActiveCfg = Debug|Any CPU
		{44671B53-C04B-40AD-AB91-89C6AAB831C8}.cc-app|Any CPU.Build.0 = Debug|Any CPU
		{44671B53-C04B-40AD-AB91-89C6AAB831C8}.cc-prod|Any CPU.ActiveCfg = Debug|Any CPU
		{44671B53-C04B-40AD-AB91-89C6AAB831C8}.cc-prod|Any CPU.Build.0 = Debug|Any CPU
		{44671B53-C04B-40AD-AB91-89C6AAB831C8}.Debug|Any CPU.ActiveCfg = Debug|Any CPU
		{44671B53-C04B-40AD-AB91-89C6AAB831C8}.Debug|Any CPU.Build.0 = Debug|Any CPU
		{44671B53-C04B-40AD-AB91-89C6AAB831C8}.DEBUGLOCAL|Any CPU.ActiveCfg = DEBUG-LOCAL|Any CPU
		{44671B53-C04B-40AD-AB91-89C6AAB831C8}.DEBUGLOCAL|Any CPU.Build.0 = DEBUG-LOCAL|Any CPU
		{44671B53-C04B-40AD-AB91-89C6AAB831C8}.DEBUG-LOCAL|Any CPU.ActiveCfg = DEBUG-LOCAL|Any CPU
		{44671B53-C04B-40AD-AB91-89C6AAB831C8}.DEBUG-LOCAL|Any CPU.Build.0 = DEBUG-LOCAL|Any CPU
		{44671B53-C04B-40AD-AB91-89C6AAB831C8}.DEBUGPROD|Any CPU.ActiveCfg = DEBUGPROD|Any CPU
		{44671B53-C04B-40AD-AB91-89C6AAB831C8}.DEBUGPROD|Any CPU.Build.0 = DEBUGPROD|Any CPU
		{44671B53-C04B-40AD-AB91-89C6AAB831C8}.DEBUGTEST|Any CPU.ActiveCfg = DEBUGTEST|Any CPU
		{44671B53-C04B-40AD-AB91-89C6AAB831C8}.DEBUGTEST|Any CPU.Build.0 = DEBUGTEST|Any CPU
		{44671B53-C04B-40AD-AB91-89C6AAB831C8}.prod|Any CPU.ActiveCfg = Debug|Any CPU
		{44671B53-C04B-40AD-AB91-89C6AAB831C8}.prod|Any CPU.Build.0 = Debug|Any CPU
		{44671B53-C04B-40AD-AB91-89C6AAB831C8}.Release|Any CPU.ActiveCfg = Release|Any CPU
		{44671B53-C04B-40AD-AB91-89C6AAB831C8}.Release|Any CPU.Build.0 = Release|Any CPU
		{44671B53-C04B-40AD-AB91-89C6AAB831C8}.RELEASE-PROD|Any CPU.ActiveCfg = Release|Any CPU
		{44671B53-C04B-40AD-AB91-89C6AAB831C8}.RELEASE-PROD|Any CPU.Build.0 = Release|Any CPU
		{44671B53-C04B-40AD-AB91-89C6AAB831C8}.RELEASE-TEST|Any CPU.ActiveCfg = Release|Any CPU
		{44671B53-C04B-40AD-AB91-89C6AAB831C8}.RELEASE-TEST|Any CPU.Build.0 = Release|Any CPU
		{ED91449B-6970-4AEC-95E6-3F39B4105DC1}.app|Any CPU.ActiveCfg = Debug|Any CPU
		{ED91449B-6970-4AEC-95E6-3F39B4105DC1}.app|Any CPU.Build.0 = Debug|Any CPU
		{ED91449B-6970-4AEC-95E6-3F39B4105DC1}.cc-app|Any CPU.ActiveCfg = Debug|Any CPU
		{ED91449B-6970-4AEC-95E6-3F39B4105DC1}.cc-app|Any CPU.Build.0 = Debug|Any CPU
		{ED91449B-6970-4AEC-95E6-3F39B4105DC1}.cc-prod|Any CPU.ActiveCfg = Debug|Any CPU
		{ED91449B-6970-4AEC-95E6-3F39B4105DC1}.cc-prod|Any CPU.Build.0 = Debug|Any CPU
		{ED91449B-6970-4AEC-95E6-3F39B4105DC1}.Debug|Any CPU.ActiveCfg = Debug|Any CPU
		{ED91449B-6970-4AEC-95E6-3F39B4105DC1}.Debug|Any CPU.Build.0 = Debug|Any CPU
		{ED91449B-6970-4AEC-95E6-3F39B4105DC1}.DEBUGLOCAL|Any CPU.ActiveCfg = DEBUG-LOCAL|Any CPU
		{ED91449B-6970-4AEC-95E6-3F39B4105DC1}.DEBUGLOCAL|Any CPU.Build.0 = DEBUG-LOCAL|Any CPU
		{ED91449B-6970-4AEC-95E6-3F39B4105DC1}.DEBUG-LOCAL|Any CPU.ActiveCfg = DEBUG-LOCAL|Any CPU
		{ED91449B-6970-4AEC-95E6-3F39B4105DC1}.DEBUG-LOCAL|Any CPU.Build.0 = DEBUG-LOCAL|Any CPU
		{ED91449B-6970-4AEC-95E6-3F39B4105DC1}.DEBUGPROD|Any CPU.ActiveCfg = DEBUGPROD|Any CPU
		{ED91449B-6970-4AEC-95E6-3F39B4105DC1}.DEBUGPROD|Any CPU.Build.0 = DEBUGPROD|Any CPU
		{ED91449B-6970-4AEC-95E6-3F39B4105DC1}.DEBUGTEST|Any CPU.ActiveCfg = DEBUGTEST|Any CPU
		{ED91449B-6970-4AEC-95E6-3F39B4105DC1}.DEBUGTEST|Any CPU.Build.0 = DEBUGTEST|Any CPU
		{ED91449B-6970-4AEC-95E6-3F39B4105DC1}.prod|Any CPU.ActiveCfg = Debug|Any CPU
		{ED91449B-6970-4AEC-95E6-3F39B4105DC1}.prod|Any CPU.Build.0 = Debug|Any CPU
		{ED91449B-6970-4AEC-95E6-3F39B4105DC1}.Release|Any CPU.ActiveCfg = Release|Any CPU
		{ED91449B-6970-4AEC-95E6-3F39B4105DC1}.Release|Any CPU.Build.0 = Release|Any CPU
		{ED91449B-6970-4AEC-95E6-3F39B4105DC1}.RELEASE-PROD|Any CPU.ActiveCfg = Release|Any CPU
		{ED91449B-6970-4AEC-95E6-3F39B4105DC1}.RELEASE-PROD|Any CPU.Build.0 = Release|Any CPU
		{ED91449B-6970-4AEC-95E6-3F39B4105DC1}.RELEASE-TEST|Any CPU.ActiveCfg = Release|Any CPU
		{ED91449B-6970-4AEC-95E6-3F39B4105DC1}.RELEASE-TEST|Any CPU.Build.0 = Release|Any CPU
		{E44A0723-AD9B-4BC3-AF71-FEB611C90AFF}.app|Any CPU.ActiveCfg = Debug|Any CPU
		{E44A0723-AD9B-4BC3-AF71-FEB611C90AFF}.app|Any CPU.Build.0 = Debug|Any CPU
		{E44A0723-AD9B-4BC3-AF71-FEB611C90AFF}.cc-app|Any CPU.ActiveCfg = Debug|Any CPU
		{E44A0723-AD9B-4BC3-AF71-FEB611C90AFF}.cc-app|Any CPU.Build.0 = Debug|Any CPU
		{E44A0723-AD9B-4BC3-AF71-FEB611C90AFF}.cc-prod|Any CPU.ActiveCfg = Debug|Any CPU
		{E44A0723-AD9B-4BC3-AF71-FEB611C90AFF}.cc-prod|Any CPU.Build.0 = Debug|Any CPU
		{E44A0723-AD9B-4BC3-AF71-FEB611C90AFF}.Debug|Any CPU.ActiveCfg = Debug|Any CPU
		{E44A0723-AD9B-4BC3-AF71-FEB611C90AFF}.Debug|Any CPU.Build.0 = Debug|Any CPU
		{E44A0723-AD9B-4BC3-AF71-FEB611C90AFF}.DEBUGLOCAL|Any CPU.ActiveCfg = DEBUG-LOCAL|Any CPU
		{E44A0723-AD9B-4BC3-AF71-FEB611C90AFF}.DEBUGLOCAL|Any CPU.Build.0 = DEBUG-LOCAL|Any CPU
		{E44A0723-AD9B-4BC3-AF71-FEB611C90AFF}.DEBUG-LOCAL|Any CPU.ActiveCfg = DEBUG-LOCAL|Any CPU
		{E44A0723-AD9B-4BC3-AF71-FEB611C90AFF}.DEBUG-LOCAL|Any CPU.Build.0 = DEBUG-LOCAL|Any CPU
		{E44A0723-AD9B-4BC3-AF71-FEB611C90AFF}.DEBUGPROD|Any CPU.ActiveCfg = DEBUGPROD|Any CPU
		{E44A0723-AD9B-4BC3-AF71-FEB611C90AFF}.DEBUGPROD|Any CPU.Build.0 = DEBUGPROD|Any CPU
		{E44A0723-AD9B-4BC3-AF71-FEB611C90AFF}.DEBUGTEST|Any CPU.ActiveCfg = DEBUGTEST|Any CPU
		{E44A0723-AD9B-4BC3-AF71-FEB611C90AFF}.DEBUGTEST|Any CPU.Build.0 = DEBUGTEST|Any CPU
		{E44A0723-AD9B-4BC3-AF71-FEB611C90AFF}.prod|Any CPU.ActiveCfg = Debug|Any CPU
		{E44A0723-AD9B-4BC3-AF71-FEB611C90AFF}.prod|Any CPU.Build.0 = Debug|Any CPU
		{E44A0723-AD9B-4BC3-AF71-FEB611C90AFF}.Release|Any CPU.ActiveCfg = Release|Any CPU
		{E44A0723-AD9B-4BC3-AF71-FEB611C90AFF}.Release|Any CPU.Build.0 = Release|Any CPU
		{E44A0723-AD9B-4BC3-AF71-FEB611C90AFF}.RELEASE-PROD|Any CPU.ActiveCfg = Release|Any CPU
		{E44A0723-AD9B-4BC3-AF71-FEB611C90AFF}.RELEASE-PROD|Any CPU.Build.0 = Release|Any CPU
		{E44A0723-AD9B-4BC3-AF71-FEB611C90AFF}.RELEASE-TEST|Any CPU.ActiveCfg = Release|Any CPU
		{E44A0723-AD9B-4BC3-AF71-FEB611C90AFF}.RELEASE-TEST|Any CPU.Build.0 = Release|Any CPU
		{33686882-B855-4D8F-80E1-C20C78B0B3B6}.app|Any CPU.ActiveCfg = Debug|Any CPU
		{33686882-B855-4D8F-80E1-C20C78B0B3B6}.app|Any CPU.Build.0 = Debug|Any CPU
		{33686882-B855-4D8F-80E1-C20C78B0B3B6}.cc-app|Any CPU.ActiveCfg = Debug|Any CPU
		{33686882-B855-4D8F-80E1-C20C78B0B3B6}.cc-app|Any CPU.Build.0 = Debug|Any CPU
		{33686882-B855-4D8F-80E1-C20C78B0B3B6}.cc-prod|Any CPU.ActiveCfg = Debug|Any CPU
		{33686882-B855-4D8F-80E1-C20C78B0B3B6}.cc-prod|Any CPU.Build.0 = Debug|Any CPU
		{33686882-B855-4D8F-80E1-C20C78B0B3B6}.Debug|Any CPU.ActiveCfg = Debug|Any CPU
		{33686882-B855-4D8F-80E1-C20C78B0B3B6}.Debug|Any CPU.Build.0 = Debug|Any CPU
		{33686882-B855-4D8F-80E1-C20C78B0B3B6}.DEBUGLOCAL|Any CPU.ActiveCfg = DEBUG-LOCAL|Any CPU
		{33686882-B855-4D8F-80E1-C20C78B0B3B6}.DEBUGLOCAL|Any CPU.Build.0 = DEBUG-LOCAL|Any CPU
		{33686882-B855-4D8F-80E1-C20C78B0B3B6}.DEBUG-LOCAL|Any CPU.ActiveCfg = DEBUG-LOCAL|Any CPU
		{33686882-B855-4D8F-80E1-C20C78B0B3B6}.DEBUG-LOCAL|Any CPU.Build.0 = DEBUG-LOCAL|Any CPU
		{33686882-B855-4D8F-80E1-C20C78B0B3B6}.DEBUGPROD|Any CPU.ActiveCfg = DEBUGPROD|Any CPU
		{33686882-B855-4D8F-80E1-C20C78B0B3B6}.DEBUGPROD|Any CPU.Build.0 = DEBUGPROD|Any CPU
		{33686882-B855-4D8F-80E1-C20C78B0B3B6}.DEBUGTEST|Any CPU.ActiveCfg = DEBUGTEST|Any CPU
		{33686882-B855-4D8F-80E1-C20C78B0B3B6}.DEBUGTEST|Any CPU.Build.0 = DEBUGTEST|Any CPU
		{33686882-B855-4D8F-80E1-C20C78B0B3B6}.prod|Any CPU.ActiveCfg = Debug|Any CPU
		{33686882-B855-4D8F-80E1-C20C78B0B3B6}.prod|Any CPU.Build.0 = Debug|Any CPU
		{33686882-B855-4D8F-80E1-C20C78B0B3B6}.Release|Any CPU.ActiveCfg = Release|Any CPU
		{33686882-B855-4D8F-80E1-C20C78B0B3B6}.Release|Any CPU.Build.0 = Release|Any CPU
		{33686882-B855-4D8F-80E1-C20C78B0B3B6}.RELEASE-PROD|Any CPU.ActiveCfg = Release|Any CPU
		{33686882-B855-4D8F-80E1-C20C78B0B3B6}.RELEASE-PROD|Any CPU.Build.0 = Release|Any CPU
		{33686882-B855-4D8F-80E1-C20C78B0B3B6}.RELEASE-TEST|Any CPU.ActiveCfg = Release|Any CPU
		{33686882-B855-4D8F-80E1-C20C78B0B3B6}.RELEASE-TEST|Any CPU.Build.0 = Release|Any CPU
		{164B43B7-D658-4678-B8A8-31D28C8C2A6C}.app|Any CPU.ActiveCfg = Debug|Any CPU
		{164B43B7-D658-4678-B8A8-31D28C8C2A6C}.app|Any CPU.Build.0 = Debug|Any CPU
		{164B43B7-D658-4678-B8A8-31D28C8C2A6C}.cc-app|Any CPU.ActiveCfg = Debug|Any CPU
		{164B43B7-D658-4678-B8A8-31D28C8C2A6C}.cc-app|Any CPU.Build.0 = Debug|Any CPU
		{164B43B7-D658-4678-B8A8-31D28C8C2A6C}.cc-prod|Any CPU.ActiveCfg = Debug|Any CPU
		{164B43B7-D658-4678-B8A8-31D28C8C2A6C}.cc-prod|Any CPU.Build.0 = Debug|Any CPU
		{164B43B7-D658-4678-B8A8-31D28C8C2A6C}.Debug|Any CPU.ActiveCfg = Debug|Any CPU
		{164B43B7-D658-4678-B8A8-31D28C8C2A6C}.Debug|Any CPU.Build.0 = Debug|Any CPU
		{164B43B7-D658-4678-B8A8-31D28C8C2A6C}.DEBUGLOCAL|Any CPU.ActiveCfg = DEBUG-LOCAL|Any CPU
		{164B43B7-D658-4678-B8A8-31D28C8C2A6C}.DEBUGLOCAL|Any CPU.Build.0 = DEBUG-LOCAL|Any CPU
		{164B43B7-D658-4678-B8A8-31D28C8C2A6C}.DEBUG-LOCAL|Any CPU.ActiveCfg = DEBUG-LOCAL|Any CPU
		{164B43B7-D658-4678-B8A8-31D28C8C2A6C}.DEBUG-LOCAL|Any CPU.Build.0 = DEBUG-LOCAL|Any CPU
		{164B43B7-D658-4678-B8A8-31D28C8C2A6C}.DEBUGPROD|Any CPU.ActiveCfg = DEBUGPROD|Any CPU
		{164B43B7-D658-4678-B8A8-31D28C8C2A6C}.DEBUGPROD|Any CPU.Build.0 = DEBUGPROD|Any CPU
		{164B43B7-D658-4678-B8A8-31D28C8C2A6C}.DEBUGTEST|Any CPU.ActiveCfg = DEBUGTEST|Any CPU
		{164B43B7-D658-4678-B8A8-31D28C8C2A6C}.DEBUGTEST|Any CPU.Build.0 = DEBUGTEST|Any CPU
		{164B43B7-D658-4678-B8A8-31D28C8C2A6C}.prod|Any CPU.ActiveCfg = Debug|Any CPU
		{164B43B7-D658-4678-B8A8-31D28C8C2A6C}.prod|Any CPU.Build.0 = Debug|Any CPU
		{164B43B7-D658-4678-B8A8-31D28C8C2A6C}.Release|Any CPU.ActiveCfg = Release|Any CPU
		{164B43B7-D658-4678-B8A8-31D28C8C2A6C}.Release|Any CPU.Build.0 = Release|Any CPU
		{164B43B7-D658-4678-B8A8-31D28C8C2A6C}.RELEASE-PROD|Any CPU.ActiveCfg = Release|Any CPU
		{164B43B7-D658-4678-B8A8-31D28C8C2A6C}.RELEASE-PROD|Any CPU.Build.0 = Release|Any CPU
		{164B43B7-D658-4678-B8A8-31D28C8C2A6C}.RELEASE-TEST|Any CPU.ActiveCfg = Release|Any CPU
		{164B43B7-D658-4678-B8A8-31D28C8C2A6C}.RELEASE-TEST|Any CPU.Build.0 = Release|Any CPU
		{307FA1CF-CCE2-4854-B08B-DE71DFB04C85}.app|Any CPU.ActiveCfg = Debug|Any CPU
		{307FA1CF-CCE2-4854-B08B-DE71DFB04C85}.app|Any CPU.Build.0 = Debug|Any CPU
		{307FA1CF-CCE2-4854-B08B-DE71DFB04C85}.cc-app|Any CPU.ActiveCfg = Debug|Any CPU
		{307FA1CF-CCE2-4854-B08B-DE71DFB04C85}.cc-app|Any CPU.Build.0 = Debug|Any CPU
		{307FA1CF-CCE2-4854-B08B-DE71DFB04C85}.cc-prod|Any CPU.ActiveCfg = Debug|Any CPU
		{307FA1CF-CCE2-4854-B08B-DE71DFB04C85}.cc-prod|Any CPU.Build.0 = Debug|Any CPU
		{307FA1CF-CCE2-4854-B08B-DE71DFB04C85}.Debug|Any CPU.ActiveCfg = Debug|Any CPU
		{307FA1CF-CCE2-4854-B08B-DE71DFB04C85}.Debug|Any CPU.Build.0 = Debug|Any CPU
		{307FA1CF-CCE2-4854-B08B-DE71DFB04C85}.DEBUGLOCAL|Any CPU.ActiveCfg = DEBUG-LOCAL|Any CPU
		{307FA1CF-CCE2-4854-B08B-DE71DFB04C85}.DEBUGLOCAL|Any CPU.Build.0 = DEBUG-LOCAL|Any CPU
		{307FA1CF-CCE2-4854-B08B-DE71DFB04C85}.DEBUG-LOCAL|Any CPU.ActiveCfg = DEBUG-LOCAL|Any CPU
		{307FA1CF-CCE2-4854-B08B-DE71DFB04C85}.DEBUG-LOCAL|Any CPU.Build.0 = DEBUG-LOCAL|Any CPU
		{307FA1CF-CCE2-4854-B08B-DE71DFB04C85}.DEBUGPROD|Any CPU.ActiveCfg = DEBUGPROD|Any CPU
		{307FA1CF-CCE2-4854-B08B-DE71DFB04C85}.DEBUGPROD|Any CPU.Build.0 = DEBUGPROD|Any CPU
		{307FA1CF-CCE2-4854-B08B-DE71DFB04C85}.DEBUGTEST|Any CPU.ActiveCfg = DEBUGTEST|Any CPU
		{307FA1CF-CCE2-4854-B08B-DE71DFB04C85}.DEBUGTEST|Any CPU.Build.0 = DEBUGTEST|Any CPU
		{307FA1CF-CCE2-4854-B08B-DE71DFB04C85}.prod|Any CPU.ActiveCfg = Debug|Any CPU
		{307FA1CF-CCE2-4854-B08B-DE71DFB04C85}.prod|Any CPU.Build.0 = Debug|Any CPU
		{307FA1CF-CCE2-4854-B08B-DE71DFB04C85}.Release|Any CPU.ActiveCfg = Release|Any CPU
		{307FA1CF-CCE2-4854-B08B-DE71DFB04C85}.Release|Any CPU.Build.0 = Release|Any CPU
		{307FA1CF-CCE2-4854-B08B-DE71DFB04C85}.RELEASE-PROD|Any CPU.ActiveCfg = Release|Any CPU
		{307FA1CF-CCE2-4854-B08B-DE71DFB04C85}.RELEASE-PROD|Any CPU.Build.0 = Release|Any CPU
		{307FA1CF-CCE2-4854-B08B-DE71DFB04C85}.RELEASE-TEST|Any CPU.ActiveCfg = Release|Any CPU
		{307FA1CF-CCE2-4854-B08B-DE71DFB04C85}.RELEASE-TEST|Any CPU.Build.0 = Release|Any CPU
		{2765851D-82CC-4D40-B497-97837DA2AD6F}.app|Any CPU.ActiveCfg = Debug|Any CPU
		{2765851D-82CC-4D40-B497-97837DA2AD6F}.app|Any CPU.Build.0 = Debug|Any CPU
		{2765851D-82CC-4D40-B497-97837DA2AD6F}.cc-app|Any CPU.ActiveCfg = Debug|Any CPU
		{2765851D-82CC-4D40-B497-97837DA2AD6F}.cc-app|Any CPU.Build.0 = Debug|Any CPU
		{2765851D-82CC-4D40-B497-97837DA2AD6F}.cc-prod|Any CPU.ActiveCfg = Debug|Any CPU
		{2765851D-82CC-4D40-B497-97837DA2AD6F}.cc-prod|Any CPU.Build.0 = Debug|Any CPU
		{2765851D-82CC-4D40-B497-97837DA2AD6F}.Debug|Any CPU.ActiveCfg = Debug|Any CPU
		{2765851D-82CC-4D40-B497-97837DA2AD6F}.Debug|Any CPU.Build.0 = Debug|Any CPU
		{2765851D-82CC-4D40-B497-97837DA2AD6F}.DEBUGLOCAL|Any CPU.ActiveCfg = DEBUG-LOCAL|Any CPU
		{2765851D-82CC-4D40-B497-97837DA2AD6F}.DEBUGLOCAL|Any CPU.Build.0 = DEBUG-LOCAL|Any CPU
		{2765851D-82CC-4D40-B497-97837DA2AD6F}.DEBUG-LOCAL|Any CPU.ActiveCfg = DEBUG-LOCAL|Any CPU
		{2765851D-82CC-4D40-B497-97837DA2AD6F}.DEBUG-LOCAL|Any CPU.Build.0 = DEBUG-LOCAL|Any CPU
		{2765851D-82CC-4D40-B497-97837DA2AD6F}.DEBUGPROD|Any CPU.ActiveCfg = DEBUGPROD|Any CPU
		{2765851D-82CC-4D40-B497-97837DA2AD6F}.DEBUGPROD|Any CPU.Build.0 = DEBUGPROD|Any CPU
		{2765851D-82CC-4D40-B497-97837DA2AD6F}.DEBUGTEST|Any CPU.ActiveCfg = DEBUGTEST|Any CPU
		{2765851D-82CC-4D40-B497-97837DA2AD6F}.DEBUGTEST|Any CPU.Build.0 = DEBUGTEST|Any CPU
		{2765851D-82CC-4D40-B497-97837DA2AD6F}.prod|Any CPU.ActiveCfg = Debug|Any CPU
		{2765851D-82CC-4D40-B497-97837DA2AD6F}.prod|Any CPU.Build.0 = Debug|Any CPU
		{2765851D-82CC-4D40-B497-97837DA2AD6F}.Release|Any CPU.ActiveCfg = Release|Any CPU
		{2765851D-82CC-4D40-B497-97837DA2AD6F}.Release|Any CPU.Build.0 = Release|Any CPU
		{2765851D-82CC-4D40-B497-97837DA2AD6F}.RELEASE-PROD|Any CPU.ActiveCfg = Release|Any CPU
		{2765851D-82CC-4D40-B497-97837DA2AD6F}.RELEASE-PROD|Any CPU.Build.0 = Release|Any CPU
		{2765851D-82CC-4D40-B497-97837DA2AD6F}.RELEASE-TEST|Any CPU.ActiveCfg = Release|Any CPU
		{2765851D-82CC-4D40-B497-97837DA2AD6F}.RELEASE-TEST|Any CPU.Build.0 = Release|Any CPU
		{C5B1474D-BA01-46B1-8900-D0E84A65AE82}.app|Any CPU.ActiveCfg = Debug|Any CPU
		{C5B1474D-BA01-46B1-8900-D0E84A65AE82}.app|Any CPU.Build.0 = Debug|Any CPU
		{C5B1474D-BA01-46B1-8900-D0E84A65AE82}.cc-app|Any CPU.ActiveCfg = Debug|Any CPU
		{C5B1474D-BA01-46B1-8900-D0E84A65AE82}.cc-app|Any CPU.Build.0 = Debug|Any CPU
		{C5B1474D-BA01-46B1-8900-D0E84A65AE82}.cc-prod|Any CPU.ActiveCfg = Debug|Any CPU
		{C5B1474D-BA01-46B1-8900-D0E84A65AE82}.cc-prod|Any CPU.Build.0 = Debug|Any CPU
		{C5B1474D-BA01-46B1-8900-D0E84A65AE82}.Debug|Any CPU.ActiveCfg = Debug|Any CPU
		{C5B1474D-BA01-46B1-8900-D0E84A65AE82}.Debug|Any CPU.Build.0 = Debug|Any CPU
		{C5B1474D-BA01-46B1-8900-D0E84A65AE82}.DEBUGLOCAL|Any CPU.ActiveCfg = DEBUG-LOCAL|Any CPU
		{C5B1474D-BA01-46B1-8900-D0E84A65AE82}.DEBUGLOCAL|Any CPU.Build.0 = DEBUG-LOCAL|Any CPU
		{C5B1474D-BA01-46B1-8900-D0E84A65AE82}.DEBUG-LOCAL|Any CPU.ActiveCfg = DEBUG-LOCAL|Any CPU
		{C5B1474D-BA01-46B1-8900-D0E84A65AE82}.DEBUG-LOCAL|Any CPU.Build.0 = DEBUG-LOCAL|Any CPU
		{C5B1474D-BA01-46B1-8900-D0E84A65AE82}.DEBUGPROD|Any CPU.ActiveCfg = DEBUGPROD|Any CPU
		{C5B1474D-BA01-46B1-8900-D0E84A65AE82}.DEBUGPROD|Any CPU.Build.0 = DEBUGPROD|Any CPU
		{C5B1474D-BA01-46B1-8900-D0E84A65AE82}.DEBUGTEST|Any CPU.ActiveCfg = DEBUGTEST|Any CPU
		{C5B1474D-BA01-46B1-8900-D0E84A65AE82}.DEBUGTEST|Any CPU.Build.0 = DEBUGTEST|Any CPU
		{C5B1474D-BA01-46B1-8900-D0E84A65AE82}.prod|Any CPU.ActiveCfg = Debug|Any CPU
		{C5B1474D-BA01-46B1-8900-D0E84A65AE82}.prod|Any CPU.Build.0 = Debug|Any CPU
		{C5B1474D-BA01-46B1-8900-D0E84A65AE82}.Release|Any CPU.ActiveCfg = Release|Any CPU
		{C5B1474D-BA01-46B1-8900-D0E84A65AE82}.Release|Any CPU.Build.0 = Release|Any CPU
		{C5B1474D-BA01-46B1-8900-D0E84A65AE82}.RELEASE-PROD|Any CPU.ActiveCfg = Release|Any CPU
		{C5B1474D-BA01-46B1-8900-D0E84A65AE82}.RELEASE-PROD|Any CPU.Build.0 = Release|Any CPU
		{C5B1474D-BA01-46B1-8900-D0E84A65AE82}.RELEASE-TEST|Any CPU.ActiveCfg = Release|Any CPU
		{C5B1474D-BA01-46B1-8900-D0E84A65AE82}.RELEASE-TEST|Any CPU.Build.0 = Release|Any CPU
		{49AA6ED4-61E7-4CDC-8F12-01C31A25CEC3}.app|Any CPU.ActiveCfg = Release|Any CPU
		{49AA6ED4-61E7-4CDC-8F12-01C31A25CEC3}.app|Any CPU.Build.0 = Release|Any CPU
		{49AA6ED4-61E7-4CDC-8F12-01C31A25CEC3}.cc-app|Any CPU.ActiveCfg = Release|Any CPU
		{49AA6ED4-61E7-4CDC-8F12-01C31A25CEC3}.cc-app|Any CPU.Build.0 = Release|Any CPU
		{49AA6ED4-61E7-4CDC-8F12-01C31A25CEC3}.cc-prod|Any CPU.ActiveCfg = Release|Any CPU
		{49AA6ED4-61E7-4CDC-8F12-01C31A25CEC3}.cc-prod|Any CPU.Build.0 = Release|Any CPU
		{49AA6ED4-61E7-4CDC-8F12-01C31A25CEC3}.Debug|Any CPU.ActiveCfg = Debug|Any CPU
		{49AA6ED4-61E7-4CDC-8F12-01C31A25CEC3}.Debug|Any CPU.Build.0 = Debug|Any CPU
		{49AA6ED4-61E7-4CDC-8F12-01C31A25CEC3}.DEBUGLOCAL|Any CPU.ActiveCfg = Debug|Any CPU
		{49AA6ED4-61E7-4CDC-8F12-01C31A25CEC3}.DEBUGLOCAL|Any CPU.Build.0 = Debug|Any CPU
		{49AA6ED4-61E7-4CDC-8F12-01C31A25CEC3}.DEBUG-LOCAL|Any CPU.ActiveCfg = Debug|Any CPU
		{49AA6ED4-61E7-4CDC-8F12-01C31A25CEC3}.DEBUG-LOCAL|Any CPU.Build.0 = Debug|Any CPU
		{49AA6ED4-61E7-4CDC-8F12-01C31A25CEC3}.DEBUGPROD|Any CPU.ActiveCfg = Debug|Any CPU
		{49AA6ED4-61E7-4CDC-8F12-01C31A25CEC3}.DEBUGPROD|Any CPU.Build.0 = Debug|Any CPU
		{49AA6ED4-61E7-4CDC-8F12-01C31A25CEC3}.DEBUGTEST|Any CPU.ActiveCfg = Debug|Any CPU
		{49AA6ED4-61E7-4CDC-8F12-01C31A25CEC3}.DEBUGTEST|Any CPU.Build.0 = Debug|Any CPU
		{49AA6ED4-61E7-4CDC-8F12-01C31A25CEC3}.prod|Any CPU.ActiveCfg = Release|Any CPU
		{49AA6ED4-61E7-4CDC-8F12-01C31A25CEC3}.prod|Any CPU.Build.0 = Release|Any CPU
		{49AA6ED4-61E7-4CDC-8F12-01C31A25CEC3}.Release|Any CPU.ActiveCfg = Release|Any CPU
		{49AA6ED4-61E7-4CDC-8F12-01C31A25CEC3}.Release|Any CPU.Build.0 = Release|Any CPU
		{49AA6ED4-61E7-4CDC-8F12-01C31A25CEC3}.RELEASE-PROD|Any CPU.ActiveCfg = Release|Any CPU
		{49AA6ED4-61E7-4CDC-8F12-01C31A25CEC3}.RELEASE-PROD|Any CPU.Build.0 = Release|Any CPU
		{49AA6ED4-61E7-4CDC-8F12-01C31A25CEC3}.RELEASE-TEST|Any CPU.ActiveCfg = Release|Any CPU
		{49AA6ED4-61E7-4CDC-8F12-01C31A25CEC3}.RELEASE-TEST|Any CPU.Build.0 = Release|Any CPU
	EndGlobalSection
	GlobalSection(SolutionProperties) = preSolution
		HideSolutionNode = FALSE
	EndGlobalSection
	GlobalSection(NestedProjects) = preSolution
		{920DA392-D09B-4C37-BB57-A75439221000} = {E8E60976-C7B0-49EC-8313-81C9888BEB9F}
		{33E6D24F-13D6-431D-AF00-C109CB45C694} = {FF9CF4D9-A566-4974-9B36-53E37296EA5C}
		{C4C77A22-6318-4E32-90CB-9E9854E03F5A} = {C5C3911E-5690-4F45-B975-80BCF859DF21}
		{E4C37822-FCFA-431B-B373-A78FBD5136B3} = {C5C3911E-5690-4F45-B975-80BCF859DF21}
		{BD853521-086A-4B3A-9E98-504B3CF0B683} = {FF9CF4D9-A566-4974-9B36-53E37296EA5C}
		{85088AC6-4AFA-4E25-A99D-9C141A436BF1} = {C0E8D49F-5284-49CA-9FA6-C4CF76519637}
		{10500FAC-5DE1-442F-9375-0488AE6CBE8C} = {C0E8D49F-5284-49CA-9FA6-C4CF76519637}
		{96DB26DF-E3C9-4F1C-9AF7-3E7BECBDE678} = {F913FB31-1E42-4101-B527-2221ACF742B8}
		{C38D0026-5828-499C-B984-F40514CA093D} = {E5A83D05-ECC4-44C8-8870-64D2FC1B9759}
		{7496A516-D4AC-4EDC-8C2C-016E4F621478} = {C0E8D49F-5284-49CA-9FA6-C4CF76519637}
		{0D14777B-2EBF-41E2-97B6-5461405EA0A7} = {F17923C2-2448-4F3A-86FB-2D2D1112FCC4}
		{C6DEDDA7-F6C6-43ED-8807-748F71E21824} = {E8E60976-C7B0-49EC-8313-81C9888BEB9F}
		{2258D950-D824-46DC-AA70-EE6A8199E5FF} = {C0E8D49F-5284-49CA-9FA6-C4CF76519637}
		{44671B53-C04B-40AD-AB91-89C6AAB831C8} = {FF9CF4D9-A566-4974-9B36-53E37296EA5C}
		{ED91449B-6970-4AEC-95E6-3F39B4105DC1} = {FF9CF4D9-A566-4974-9B36-53E37296EA5C}
		{E44A0723-AD9B-4BC3-AF71-FEB611C90AFF} = {E5A83D05-ECC4-44C8-8870-64D2FC1B9759}
		{33686882-B855-4D8F-80E1-C20C78B0B3B6} = {E5A83D05-ECC4-44C8-8870-64D2FC1B9759}
		{164B43B7-D658-4678-B8A8-31D28C8C2A6C} = {FF9CF4D9-A566-4974-9B36-53E37296EA5C}
		{307FA1CF-CCE2-4854-B08B-DE71DFB04C85} = {FF9CF4D9-A566-4974-9B36-53E37296EA5C}
		{2765851D-82CC-4D40-B497-97837DA2AD6F} = {FF9CF4D9-A566-4974-9B36-53E37296EA5C}
		{C5B1474D-BA01-46B1-8900-D0E84A65AE82} = {FF9CF4D9-A566-4974-9B36-53E37296EA5C}
		{49AA6ED4-61E7-4CDC-8F12-01C31A25CEC3} = {F17923C2-2448-4F3A-86FB-2D2D1112FCC4}
	EndGlobalSection
EndGlobal
